
Microsoft Visual Studio Solution File, Format Version 12.00
# Visual Studio Version 17
VisualStudioVersion = 17.0.31919.166
MinimumVisualStudioVersion = 10.0.40219.1
Project("{8BC9CEB8-8B4A-11D0-8D11-00A0C91BC942}") = "DAQ_GUI_QT", "DAQ_GUI_QT\DAQ_GUI_QT.vcxproj", "{27CF2DCF-F826-40F9-8C26-5B5CEDC006AE}"
EndProject
Global
	GlobalSection(SolutionConfigurationPlatforms) = preSolution
		Debug|x86 = Debug|x86
		Release|x86 = Release|x86
	EndGlobalSection
	GlobalSection(ProjectConfigurationPlatforms) = postSolution
		{27CF2DCF-F826-40F9-8C26-5B5CEDC006AE}.Debug|x86.ActiveCfg = Debug|Win32
		{27CF2DCF-F826-40F9-8C26-5B5CEDC006AE}.Debug|x86.Build.0 = Debug|Win32
		{27CF2DCF-F826-40F9-8C26-5B5CEDC006AE}.Release|x86.ActiveCfg = Release|Win32
		{27CF2DCF-F826-40F9-8C26-5B5CEDC006AE}.Release|x86.Build.0 = Release|Win32
	EndGlobalSection
	GlobalSection(SolutionProperties) = preSolution
		HideSolutionNode = FALSE
	EndGlobalSection
	GlobalSection(ExtensibilityGlobals) = postSolution
		SolutionGuid = {8808D6E7-CBE3-4200-BEDB-6C5C82AC2500}
	EndGlobalSection
EndGlobal
